{
  "name": "OnServer project",
  "version": "1.0.0",
  "lockfileVersion": 1,
  "requires": true,
  "dependencies": {
    "@lezer/common": {
      "version": "0.15.12",
      "resolved": "https://registry.npmjs.org/@lezer/common/-/common-0.15.12.tgz",
      "integrity": "sha512-edfwCxNLnzq5pBA/yaIhwJ3U3Kz8VAUOTRg0hhxaizaI1N+qxV7EXDv/kLCkLeq2RzSFvxexlaj5Mzfn2kY0Ig==",
      "dev": true
    },
    "@lezer/lr": {
      "version": "0.15.8",
      "resolved": "https://registry.npmjs.org/@lezer/lr/-/lr-0.15.8.tgz",
      "integrity": "sha512-bM6oE6VQZ6hIFxDNKk8bKPa14hqFrV07J/vHGOeiAbJReIaQXmkVb6xQu4MR+JBTLa5arGRyAAjJe1qaQt3Uvg==",
      "dev": true,
      "requires": {
        "@lezer/common": "^0.15.0"
      }
    },
    "@lmdb/lmdb-darwin-arm64": {
      "version": "2.5.2",
      "resolved": "https://registry.npmjs.org/@lmdb/lmdb-darwin-arm64/-/lmdb-darwin-arm64-2.5.2.tgz",
      "integrity": "sha512-+F8ioQIUN68B4UFiIBYu0QQvgb9FmlKw2ctQMSBfW2QBrZIxz9vD9jCGqTCPqZBRbPHAS/vG1zSXnKqnS2ch/A==",
      "dev": true,
      "optional": true
    },
    "@lmdb/lmdb-darwin-x64": {
      "version": "2.5.2",
      "resolved": "https://registry.npmjs.org/@lmdb/lmdb-darwin-x64/-/lmdb-darwin-x64-2.5.2.tgz",
      "integrity": "sha512-KvPH56KRLLx4KSfKBx0m1r7GGGUMXm0jrKmNE7plbHlesZMuPJICtn07HYgQhj1LNsK7Yqwuvnqh1QxhJnF1EA==",
      "dev": true,
      "optional": true
    },
    "@lmdb/lmdb-linux-arm": {
      "version": "2.5.2",
      "resolved": "https://registry.npmjs.org/@lmdb/lmdb-linux-arm/-/lmdb-linux-arm-2.5.2.tgz",
      "integrity": "sha512-5kQAP21hAkfW5Bl+e0P57dV4dGYnkNIpR7f/GAh6QHlgXx+vp/teVj4PGRZaKAvt0GX6++N6hF8NnGElLDuIDw==",
      "dev": true,
      "optional": true
    },
    "@lmdb/lmdb-linux-arm64": {
      "version": "2.5.2",
      "resolved": "https://registry.npmjs.org/@lmdb/lmdb-linux-arm64/-/lmdb-linux-arm64-2.5.2.tgz",
      "integrity": "sha512-aLl89VHL/wjhievEOlPocoefUyWdvzVrcQ/MHQYZm2JfV1jUsrbr/ZfkPPUFvZBf+VSE+Q0clWs9l29PCX1hTQ==",
      "dev": true,
      "optional": true
    },
    "@lmdb/lmdb-linux-x64": {
      "version": "2.5.2",
      "resolved": "https://registry.npmjs.org/@lmdb/lmdb-linux-x64/-/lmdb-linux-x64-2.5.2.tgz",
      "integrity": "sha512-xUdUfwDJLGjOUPH3BuPBt0NlIrR7f/QHKgu3GZIXswMMIihAekj2i97oI0iWG5Bok/b+OBjHPfa8IU9velnP/Q==",
      "dev": true,
      "optional": true
    },
    "@lmdb/lmdb-win32-x64": {
      "version": "2.5.2",
      "resolved": "https://registry.npmjs.org/@lmdb/lmdb-win32-x64/-/lmdb-win32-x64-2.5.2.tgz",
      "integrity": "sha512-zrBczSbXKxEyK2ijtbRdICDygRqWSRPpZMN5dD1T8VMEW5RIhIbwFWw2phDRXuBQdVDpSjalCIUMWMV2h3JaZA==",
      "dev": true,
      "optional": true
    },
    "@mischnic/json-sourcemap": {
      "version": "0.1.0",
      "resolved": "https://registry.npmjs.org/@mischnic/json-sourcemap/-/json-sourcemap-0.1.0.tgz",
      "integrity": "sha512-dQb3QnfNqmQNYA4nFSN/uLaByIic58gOXq4Y4XqLOWmOrw73KmJPt/HLyG0wvn1bnR6mBKs/Uwvkh+Hns1T0XA==",
      "dev": true,
      "requires": {
        "@lezer/common": "^0.15.7",
        "@lezer/lr": "^0.15.4",
        "json5": "^2.2.1"
      }
    },
    "@msgpackr-extract/msgpackr-extract-darwin-arm64": {
      "version": "2.2.0",
      "resolved": "https://registry.npmjs.org/@msgpackr-extract/msgpackr-extract-darwin-arm64/-/msgpackr-extract-darwin-arm64-2.2.0.tgz",
      "integrity": "sha512-Z9LFPzfoJi4mflGWV+rv7o7ZbMU5oAU9VmzCgL240KnqDW65Y2HFCT3MW06/ITJSnbVLacmcEJA8phywK7JinQ==",
      "dev": true,
      "optional": true
    },
    "@msgpackr-extract/msgpackr-extract-darwin-x64": {
      "version": "2.2.0",
      "resolved": "https://registry.npmjs.org/@msgpackr-extract/msgpackr-extract-darwin-x64/-/msgpackr-extract-darwin-x64-2.2.0.tgz",
      "integrity": "sha512-vq0tT8sjZsy4JdSqmadWVw6f66UXqUCabLmUVHZwUFzMgtgoIIQjT4VVRHKvlof3P/dMCkbMJ5hB1oJ9OWHaaw==",
      "dev": true,
      "optional": true
    },
    "@msgpackr-extract/msgpackr-extract-linux-arm": {
      "version": "2.2.0",
      "resolved": "https://registry.npmjs.org/@msgpackr-extract/msgpackr-extract-linux-arm/-/msgpackr-extract-linux-arm-2.2.0.tgz",
      "integrity": "sha512-SaJ3Qq4lX9Syd2xEo9u3qPxi/OB+5JO/ngJKK97XDpa1C587H9EWYO6KD8995DAjSinWvdHKRrCOXVUC5fvGOg==",
      "dev": true,
      "optional": true
    },
    "@msgpackr-extract/msgpackr-extract-linux-arm64": {
      "version": "2.2.0",
      "resolved": "https://registry.npmjs.org/@msgpackr-extract/msgpackr-extract-linux-arm64/-/msgpackr-extract-linux-arm64-2.2.0.tgz",
      "integrity": "sha512-hlxxLdRmPyq16QCutUtP8Tm6RDWcyaLsRssaHROatgnkOxdleMTgetf9JsdncL8vLh7FVy/RN9i3XR5dnb9cRA==",
      "dev": true,
      "optional": true
    },
    "@msgpackr-extract/msgpackr-extract-linux-x64": {
      "version": "2.2.0",
      "resolved": "https://registry.npmjs.org/@msgpackr-extract/msgpackr-extract-linux-x64/-/msgpackr-extract-linux-x64-2.2.0.tgz",
      "integrity": "sha512-94y5PJrSOqUNcFKmOl7z319FelCLAE0rz/jPCWS+UtdMZvpa4jrQd+cJPQCLp2Fes1yAW/YUQj/Di6YVT3c3Iw==",
      "dev": true,
      "optional": true
    },
    "@msgpackr-extract/msgpackr-extract-win32-x64": {
      "version": "2.2.0",
      "resolved": "https://registry.npmjs.org/@msgpackr-extract/msgpackr-extract-win32-x64/-/msgpackr-extract-win32-x64-2.2.0.tgz",
      "integrity": "sha512-XrC0JzsqQSvOyM3t04FMLO6z5gCuhPE6k4FXuLK5xf52ZbdvcFe1yBmo7meCew9B8G2f0T9iu9t3kfTYRYROgA==",
      "dev": true,
      "optional": true
    },
    "@parcel/cache": {
      "version": "2.8.2",
      "resolved": "https://registry.npmjs.org/@parcel/cache/-/cache-2.8.2.tgz",
      "integrity": "sha512-kiyoOgh1RXp5qp+wlb8Pi/Z7o9D82Oj5RlHnKSAauyR7jgnI8Vq8JTeBmlLqrf+kHxcDcp2p86hidSeANhlQNg==",
      "dev": true,
      "requires": {
        "@parcel/fs": "2.8.2",
        "@parcel/logger": "2.8.2",
        "@parcel/utils": "2.8.2",
        "lmdb": "2.5.2"
      }
    },
    "@parcel/codeframe": {
      "version": "2.8.2",
      "resolved": "https://registry.npmjs.org/@parcel/codeframe/-/codeframe-2.8.2.tgz",
      "integrity": "sha512-U2GT9gq1Zs3Gr83j8JIs10bLbGOHFl57Y8D57nrdR05F4iilV/UR6K7jkhdoiFc9WiHh3ewvrko5+pSdAVFPgQ==",
      "dev": true,
      "requires": {
        "chalk": "^4.1.0"
      }
    },
    "@parcel/diagnostic": {
      "version": "2.8.2",
      "resolved": "https://registry.npmjs.org/@parcel/diagnostic/-/diagnostic-2.8.2.tgz",
      "integrity": "sha512-tGSMwM2rSYLjJW0fCd9gb3tNjfCX/83PZ10/5u2E33UZVkk8OIHsQmsrtq2H2g4oQL3rFxkfEx6nGPDGHwlx7A==",
      "dev": true,
      "requires": {
        "@mischnic/json-sourcemap": "^0.1.0",
        "nullthrows": "^1.1.1"
      }
    },
    "@parcel/events": {
      "version": "2.8.2",
      "resolved": "https://registry.npmjs.org/@parcel/events/-/events-2.8.2.tgz",
      "integrity": "sha512-o5etrsKm16y8iRPnjtEBNy4lD0WAigD66yt/RZl9Rx0vPVDly/63Rr9+BrXWVW7bJ7x0S0VVpWW4j3f/qZOsXg==",
      "dev": true
    },
    "@parcel/fs": {
      "version": "2.8.2",
      "resolved": "https://registry.npmjs.org/@parcel/fs/-/fs-2.8.2.tgz",
      "integrity": "sha512-aN8znbMndSqn1xwZEmMblzqmJsxcExv2jKLl/a9RUHAP7LaPYcPZIykDL3YwGCiKTCzjmRpXnNoyosjFFeBaHA==",
      "dev": true,
      "requires": {
        "@parcel/fs-search": "2.8.2",
        "@parcel/types": "2.8.2",
        "@parcel/utils": "2.8.2",
        "@parcel/watcher": "^2.0.7",
        "@parcel/workers": "2.8.2"
      }
    },
    "@parcel/fs-search": {
      "version": "2.8.2",
      "resolved": "https://registry.npmjs.org/@parcel/fs-search/-/fs-search-2.8.2.tgz",
      "integrity": "sha512-ovQnupRm/MoE/tbgH0Ivknk0QYenXAewjcog+T5umDmUlTmnIRZjURrgDf5Xtw8T/CD5Xv+HmIXpJ9Ez/LzJpw==",
      "dev": true,
      "requires": {
        "detect-libc": "^1.0.3"
      }
    },
    "@parcel/hash": {
      "version": "2.8.2",
      "resolved": "https://registry.npmjs.org/@parcel/hash/-/hash-2.8.2.tgz",
      "integrity": "sha512-NBnP8Hu0xvAqAfZXRaMM66i8nJyxpKS86BbhwkbgTGbwO1OY87GERliHeREJfcER0E0ZzwNow7MNR8ZDm6IvJQ==",
      "dev": true,
      "requires": {
        "detect-libc": "^1.0.3",
        "xxhash-wasm": "^0.4.2"
      }
    },
    "@parcel/logger": {
      "version": "2.8.2",
      "resolved": "https://registry.npmjs.org/@parcel/logger/-/logger-2.8.2.tgz",
      "integrity": "sha512-zlhK6QHxfFJMlVJxxcCw0xxBDrYPFPOhMxSD6p6b0z9Yct1l3NdpmfabgjKX8wnZmHokFsil6daleM+M80n2Ew==",
      "dev": true,
      "requires": {
        "@parcel/diagnostic": "2.8.2",
        "@parcel/events": "2.8.2"
      }
    },
    "@parcel/markdown-ansi": {
      "version": "2.8.2",
      "resolved": "https://registry.npmjs.org/@parcel/markdown-ansi/-/markdown-ansi-2.8.2.tgz",
      "integrity": "sha512-5y29TXgRgG0ybuXaDsDk4Aofg/nDUeAAyVl9/toYCDDhxpQV4yZt8WNPu4PaNYKGLuNgXwsmz+ryZQHGmfbAIQ==",
      "dev": true,
      "requires": {
        "chalk": "^4.1.0"
      }
    },
    "@parcel/package-manager": {
      "version": "2.8.2",
      "resolved": "https://registry.npmjs.org/@parcel/package-manager/-/package-manager-2.8.2.tgz",
      "integrity": "sha512-hx4Imi0yhsSS0aNZkEANPYNNKqBuR63EUNWSxMyHh4ZOvbHoOXnMn1ySGdx6v0oi9HvKymNsLMQ1T5CuI4l4Bw==",
      "dev": true,
      "requires": {
        "@parcel/diagnostic": "2.8.2",
        "@parcel/fs": "2.8.2",
        "@parcel/logger": "2.8.2",
        "@parcel/types": "2.8.2",
        "@parcel/utils": "2.8.2",
        "@parcel/workers": "2.8.2",
        "semver": "^5.7.1"
      }
    },
    "@parcel/source-map": {
      "version": "2.1.1",
      "resolved": "https://registry.npmjs.org/@parcel/source-map/-/source-map-2.1.1.tgz",
      "integrity": "sha512-Ejx1P/mj+kMjQb8/y5XxDUn4reGdr+WyKYloBljpppUy8gs42T+BNoEOuRYqDVdgPc6NxduzIDoJS9pOFfV5Ew==",
      "dev": true,
      "requires": {
        "detect-libc": "^1.0.3"
      }
    },
    "@parcel/types": {
      "version": "2.8.2",
      "resolved": "https://registry.npmjs.org/@parcel/types/-/types-2.8.2.tgz",
      "integrity": "sha512-HAYhokWxM10raIhqaYj9VR9eAvJ+xP2sNfQ1IcQybHpq3qblcBe/4jDeuUpwIyKeQ4gorp7xY+q8KDoR20j43w==",
      "dev": true,
      "requires": {
        "@parcel/cache": "2.8.2",
        "@parcel/diagnostic": "2.8.2",
        "@parcel/fs": "2.8.2",
        "@parcel/package-manager": "2.8.2",
        "@parcel/source-map": "^2.1.1",
        "@parcel/workers": "2.8.2",
        "utility-types": "^3.10.0"
      }
    },
    "@parcel/utils": {
      "version": "2.8.2",
      "resolved": "https://registry.npmjs.org/@parcel/utils/-/utils-2.8.2.tgz",
      "integrity": "sha512-Ufax7wZxC9FNsUpR0EU7Z22LEY/q9jjsDTwswctCdfpWb7TE/NudOfM9myycfRvwBVEYN50lPbkt1QltEVnXQQ==",
      "dev": true,
      "requires": {
        "@parcel/codeframe": "2.8.2",
        "@parcel/diagnostic": "2.8.2",
        "@parcel/hash": "2.8.2",
        "@parcel/logger": "2.8.2",
        "@parcel/markdown-ansi": "2.8.2",
        "@parcel/source-map": "^2.1.1",
        "chalk": "^4.1.0"
      }
    },
    "@parcel/watcher": {
      "version": "2.0.7",
      "resolved": "https://registry.npmjs.org/@parcel/watcher/-/watcher-2.0.7.tgz",
      "integrity": "sha512-gc3hoS6e+2XdIQ4HHljDB1l0Yx2EWh/sBBtCEFNKGSMlwASWeAQsOY/fPbxOBcZ/pg0jBh4Ga+4xHlZc4faAEQ==",
      "dev": true,
      "requires": {
        "node-addon-api": "^3.2.1",
        "node-gyp-build": "^4.3.0"
      }
    },
    "@parcel/workers": {
      "version": "2.8.2",
      "resolved": "https://registry.npmjs.org/@parcel/workers/-/workers-2.8.2.tgz",
      "integrity": "sha512-Eg6CofIrJSNBa2fjXwvnzVLPKwR/6fkfQTFAm3Jl+4JYLVknBtTSFzQNp/Fa+HUEG889H9ucTk2CBi/fVPBAFw==",
      "dev": true,
      "requires": {
        "@parcel/diagnostic": "2.8.2",
        "@parcel/logger": "2.8.2",
        "@parcel/types": "2.8.2",
        "@parcel/utils": "2.8.2",
        "chrome-trace-event": "^1.0.2",
        "nullthrows": "^1.1.1"
      }
    },
    "ansi-styles": {
      "version": "4.3.0",
      "resolved": "https://registry.npmjs.org/ansi-styles/-/ansi-styles-4.3.0.tgz",
      "integrity": "sha512-zbB9rCJAT1rbjiVDb2hqKFHNYLxgtk8NURxZ3IZwD3F6NtxbXZQCnnSi1Lkx+IDohdPlFp222wVALIheZJQSEg==",
      "dev": true,
      "requires": {
        "color-convert": "^2.0.1"
      }
    },
    "chalk": {
      "version": "4.1.2",
      "resolved": "https://registry.npmjs.org/chalk/-/chalk-4.1.2.tgz",
      "integrity": "sha512-oKnbhFyRIXpUuez8iBMmyEa4nbj4IOQyuhc/wy9kY7/WVPcwIO9VA668Pu8RkO7+0G76SLROeyw9CpQ061i4mA==",
      "dev": true,
      "requires": {
        "ansi-styles": "^4.1.0",
        "supports-color": "^7.1.0"
      }
    },
    "chrome-trace-event": {
      "version": "1.0.3",
      "resolved": "https://registry.npmjs.org/chrome-trace-event/-/chrome-trace-event-1.0.3.tgz",
      "integrity": "sha512-p3KULyQg4S7NIHixdwbGX+nFHkoBiA4YQmyWtjb8XngSKV124nJmRysgAeujbUVb15vh+RvFUfCPqU7rXk+hZg==",
      "dev": true
    },
    "color-convert": {
      "version": "2.0.1",
      "resolved": "https://registry.npmjs.org/color-convert/-/color-convert-2.0.1.tgz",
      "integrity": "sha512-RRECPsj7iu/xb5oKYcsFHSppFNnsj/52OVTRKb4zP5onXwVF3zVmmToNcOfGC+CRDpfK/U584fMg38ZHCaElKQ==",
      "dev": true,
      "requires": {
        "color-name": "~1.1.4"
      }
    },
    "color-name": {
      "version": "1.1.4",
      "resolved": "https://registry.npmjs.org/color-name/-/color-name-1.1.4.tgz",
      "integrity": "sha512-dOy+3AuW3a2wNbZHIuMZpTcgjGuLU/uBL/ubcZF9OXbDo8ff4O8yVp5Bf0efS8uEoYo5q4Fx7dY9OgQGXgAsQA==",
      "dev": true
    },
    "define-properties": {
      "version": "1.1.3",
      "resolved": "https://registry.npmjs.org/define-properties/-/define-properties-1.1.3.tgz",
      "integrity": "sha512-3MqfYKj2lLzdMSf8ZIZE/V+Zuy+BgD6f164e8K2w7dgnpKArBDerGYpM46IYYcjnkdPNMjPk9A6VFB8+3SKlXQ==",
      "dev": true,
      "requires": {
        "object-keys": "^1.0.12"
      }
    },
    "detect-libc": {
      "version": "1.0.3",
      "resolved": "https://registry.npmjs.org/detect-libc/-/detect-libc-1.0.3.tgz",
      "integrity": "sha512-pGjwhsmsp4kL2RTz08wcOlGN83otlqHeD/Z5T8GXZB+/YcpQ/dgo+lbU8ZsGxV0HIvqqxo9l7mqYwyYMD9bKDg==",
      "dev": true
    },
    "es-abstract": {
      "version": "1.17.6",
      "resolved": "https://registry.npmjs.org/es-abstract/-/es-abstract-1.17.6.tgz",
      "integrity": "sha512-Fr89bON3WFyUi5EvAeI48QTWX0AyekGgLA8H+c+7fbfCkJwRWRMLd8CQedNEyJuoYYhmtEqY92pgte1FAhBlhw==",
      "dev": true,
      "requires": {
        "es-to-primitive": "^1.2.1",
        "function-bind": "^1.1.1",
        "has": "^1.0.3",
        "has-symbols": "^1.0.1",
        "is-callable": "^1.2.0",
        "is-regex": "^1.1.0",
        "object-inspect": "^1.7.0",
        "object-keys": "^1.1.1",
        "object.assign": "^4.1.0",
        "string.prototype.trimend": "^1.0.1",
        "string.prototype.trimstart": "^1.0.1"
      },
      "dependencies": {
        "object-inspect": {
          "version": "1.8.0",
          "resolved": "https://registry.npmjs.org/object-inspect/-/object-inspect-1.8.0.tgz",
          "integrity": "sha512-jLdtEOB112fORuypAyl/50VRVIBIdVQOSUUGQHzJ4xBSbit81zRarz7GThkEFZy1RceYrWYcPcBFPQwHyAc1gA==",
          "dev": true
        }
      }
    },
    "es-to-primitive": {
      "version": "1.2.1",
      "resolved": "https://registry.npmjs.org/es-to-primitive/-/es-to-primitive-1.2.1.tgz",
      "integrity": "sha512-QCOllgZJtaUo9miYBcLChTUaHNjJF3PYs1VidD7AwiEj1kYxKeQTctLAezAOH5ZKRH0g2IgPn6KwB4IT8iRpvA==",
      "dev": true,
      "requires": {
        "is-callable": "^1.1.4",
        "is-date-object": "^1.0.1",
        "is-symbol": "^1.0.2"
      }
    },
    "function-bind": {
      "version": "1.1.1",
      "resolved": "https://registry.npmjs.org/function-bind/-/function-bind-1.1.1.tgz",
      "integrity": "sha512-yIovAzMX49sF8Yl58fSCWJ5svSLuaibPxXQJFLmBObTuCr0Mf1KiPopGM9NiFjiYBCbfaa2Fh6breQ6ANVTI0A==",
      "dev": true
    },
    "has": {
      "version": "1.0.3",
      "resolved": "https://registry.npmjs.org/has/-/has-1.0.3.tgz",
      "integrity": "sha512-f2dvO0VU6Oej7RkWJGrehjbzMAjFp5/VKPp5tTpWIV4JHHZK1/BxbFRtf/siA2SWTe09caDmVtYYzWEIbBS4zw==",
      "dev": true,
      "requires": {
        "function-bind": "^1.1.1"
      }
    },
    "has-flag": {
      "version": "4.0.0",
      "resolved": "https://registry.npmjs.org/has-flag/-/has-flag-4.0.0.tgz",
      "integrity": "sha512-EykJT/Q1KjTWctppgIAgfSO0tKVuZUjhgMr17kqTumMl6Afv3EISleU7qZUzoXDFTAHTDC4NOoG/ZxU3EvlMPQ==",
      "dev": true
    },
    "has-symbols": {
      "version": "1.0.1",
      "resolved": "https://registry.npmjs.org/has-symbols/-/has-symbols-1.0.1.tgz",
      "integrity": "sha512-PLcsoqu++dmEIZB+6totNFKq/7Do+Z0u4oT0zKOJNl3lYK6vGwwu2hjHs+68OEZbTjiUE9bgOABXbP/GvrS0Kg==",
      "dev": true
    },
    "is-callable": {
      "version": "1.2.0",
      "resolved": "https://registry.npmjs.org/is-callable/-/is-callable-1.2.0.tgz",
      "integrity": "sha512-pyVD9AaGLxtg6srb2Ng6ynWJqkHU9bEM087AKck0w8QwDarTfNcpIYoU8x8Hv2Icm8u6kFJM18Dag8lyqGkviw==",
      "dev": true
    },
    "is-date-object": {
      "version": "1.0.2",
      "resolved": "https://registry.npmjs.org/is-date-object/-/is-date-object-1.0.2.tgz",
      "integrity": "sha512-USlDT524woQ08aoZFzh3/Z6ch9Y/EWXEHQ/AaRN0SkKq4t2Jw2R2339tSXmwuVoY7LLlBCbOIlx2myP/L5zk0g==",
      "dev": true
    },
    "is-regex": {
      "version": "1.1.0",
      "resolved": "https://registry.npmjs.org/is-regex/-/is-regex-1.1.0.tgz",
      "integrity": "sha512-iI97M8KTWID2la5uYXlkbSDQIg4F6o1sYboZKKTDpnDQMLtUL86zxhgDet3Q2SriaYsyGqZ6Mn2SjbRKeLHdqw==",
      "dev": true,
      "requires": {
        "has-symbols": "^1.0.1"
      }
    },
    "is-symbol": {
      "version": "1.0.3",
      "resolved": "https://registry.npmjs.org/is-symbol/-/is-symbol-1.0.3.tgz",
      "integrity": "sha512-OwijhaRSgqvhm/0ZdAcXNZt9lYdKFpcRDT5ULUuYXPoT794UNOdU+gpT6Rzo7b4V2HUl/op6GqY894AZwv9faQ==",
      "dev": true,
      "requires": {
        "has-symbols": "^1.0.1"
      }
    },
    "json5": {
      "version": "2.2.3",
      "resolved": "https://registry.npmjs.org/json5/-/json5-2.2.3.tgz",
      "integrity": "sha512-XmOWe7eyHYH14cLdVPoyg+GOH3rYX++KpzrylJwSW98t3Nk+U8XOl8FWKOgwtzdb8lXGf6zYwDUzeHMWfxasyg==",
      "dev": true
    },
    "lmdb": {
      "version": "2.5.2",
      "resolved": "https://registry.npmjs.org/lmdb/-/lmdb-2.5.2.tgz",
      "integrity": "sha512-V5V5Xa2Hp9i2XsbDALkBTeHXnBXh/lEmk9p22zdr7jtuOIY9TGhjK6vAvTpOOx9IKU4hJkRWZxn/HsvR1ELLtA==",
      "dev": true,
      "requires": {
        "@lmdb/lmdb-darwin-arm64": "2.5.2",
        "@lmdb/lmdb-darwin-x64": "2.5.2",
        "@lmdb/lmdb-linux-arm": "2.5.2",
        "@lmdb/lmdb-linux-arm64": "2.5.2",
        "@lmdb/lmdb-linux-x64": "2.5.2",
        "@lmdb/lmdb-win32-x64": "2.5.2",
        "msgpackr": "^1.5.4",
        "node-addon-api": "^4.3.0",
        "node-gyp-build-optional-packages": "5.0.3",
        "ordered-binary": "^1.2.4",
        "weak-lru-cache": "^1.2.2"
      },
      "dependencies": {
        "node-addon-api": {
          "version": "4.3.0",
          "resolved": "https://registry.npmjs.org/node-addon-api/-/node-addon-api-4.3.0.tgz",
          "integrity": "sha512-73sE9+3UaLYYFmDsFZnqCInzPyh3MqIwZO9cw58yIqAZhONrrabrYyYe3TuIqtIiOuTXVhsGau8hcrhhwSsDIQ==",
          "dev": true
        }
      }
    },
    "msgpackr": {
      "version": "1.8.1",
      "resolved": "https://registry.npmjs.org/msgpackr/-/msgpackr-1.8.1.tgz",
      "integrity": "sha512-05fT4J8ZqjYlR4QcRDIhLCYKUOHXk7C/xa62GzMKj74l3up9k2QZ3LgFc6qWdsPHl91QA2WLWqWc8b8t7GLNNw==",
      "dev": true,
      "requires": {
        "msgpackr-extract": "^2.2.0"
      }
    },
    "msgpackr-extract": {
      "version": "2.2.0",
      "resolved": "https://registry.npmjs.org/msgpackr-extract/-/msgpackr-extract-2.2.0.tgz",
      "integrity": "sha512-0YcvWSv7ZOGl9Od6Y5iJ3XnPww8O7WLcpYMDwX+PAA/uXLDtyw94PJv9GLQV/nnp3cWlDhMoyKZIQLrx33sWog==",
      "dev": true,
      "optional": true,
      "requires": {
        "@msgpackr-extract/msgpackr-extract-darwin-arm64": "2.2.0",
        "@msgpackr-extract/msgpackr-extract-darwin-x64": "2.2.0",
        "@msgpackr-extract/msgpackr-extract-linux-arm": "2.2.0",
        "@msgpackr-extract/msgpackr-extract-linux-arm64": "2.2.0",
        "@msgpackr-extract/msgpackr-extract-linux-x64": "2.2.0",
        "@msgpackr-extract/msgpackr-extract-win32-x64": "2.2.0",
        "node-gyp-build-optional-packages": "5.0.3"
      }
    },
    "node-addon-api": {
      "version": "3.2.1",
      "resolved": "https://registry.npmjs.org/node-addon-api/-/node-addon-api-3.2.1.tgz",
      "integrity": "sha512-mmcei9JghVNDYydghQmeDX8KoAm0FAiYyIcUt/N4nhyAipB17pllZQDOJD2fotxABnt4Mdz+dKTO7eftLg4d0A==",
      "dev": true
    },
    "node-gyp-build": {
      "version": "4.5.0",
      "resolved": "https://registry.npmjs.org/node-gyp-build/-/node-gyp-build-4.5.0.tgz",
      "integrity": "sha512-2iGbaQBV+ITgCz76ZEjmhUKAKVf7xfY1sRl4UiKQspfZMH2h06SyhNsnSVy50cwkFQDGLyif6m/6uFXHkOZ6rg==",
      "dev": true
    },
    "node-gyp-build-optional-packages": {
      "version": "5.0.3",
      "resolved": "https://registry.npmjs.org/node-gyp-build-optional-packages/-/node-gyp-build-optional-packages-5.0.3.tgz",
      "integrity": "sha512-k75jcVzk5wnnc/FMxsf4udAoTEUv2jY3ycfdSd3yWu6Cnd1oee6/CfZJApyscA4FJOmdoixWwiwOyf16RzD5JA==",
      "dev": true
    },
    "nullthrows": {
      "version": "1.1.1",
      "resolved": "https://registry.npmjs.org/nullthrows/-/nullthrows-1.1.1.tgz",
      "integrity": "sha512-2vPPEi+Z7WqML2jZYddDIfy5Dqb0r2fze2zTxNNknZaFpVHU3mFB3R+DWeJWGVx0ecvttSGlJTI+WG+8Z4cDWw==",
      "dev": true
    },
    "object-keys": {
      "version": "1.1.1",
      "resolved": "https://registry.npmjs.org/object-keys/-/object-keys-1.1.1.tgz",
      "integrity": "sha512-NuAESUOUMrlIXOfHKzD6bpPu3tYt3xvjNdRIQ+FeT0lNb4K8WR70CaDxhuNguS2XG+GjkyMwOzsN5ZktImfhLA==",
      "dev": true
    },
    "object.assign": {
      "version": "4.1.0",
      "resolved": "https://registry.npmjs.org/object.assign/-/object.assign-4.1.0.tgz",
      "integrity": "sha512-exHJeq6kBKj58mqGyTQ9DFvrZC/eR6OwxzoM9YRoGBqrXYonaFyGiFMuc9VZrXf7DarreEwMpurG3dd+CNyW5w==",
      "dev": true,
      "requires": {
        "define-properties": "^1.1.2",
        "function-bind": "^1.1.1",
        "has-symbols": "^1.0.0",
        "object-keys": "^1.0.11"
      }
    },
    "ordered-binary": {
      "version": "1.4.0",
      "resolved": "https://registry.npmjs.org/ordered-binary/-/ordered-binary-1.4.0.tgz",
      "integrity": "sha512-EHQ/jk4/a9hLupIKxTfUsQRej1Yd/0QLQs3vGvIqg5ZtCYSzNhkzHoZc7Zf4e4kUlDaC3Uw8Q/1opOLNN2OKRQ==",
      "dev": true
    },
    "semver": {
      "version": "5.7.1",
      "resolved": "https://registry.npmjs.org/semver/-/semver-5.7.1.tgz",
      "integrity": "sha512-sauaDf/PZdVgrLTNYHRtpXa1iRiKcaebiKQ1BJdpQlWH2lCvexQdX55snPFyK7QzpudqbCI0qXFfOasHdyNDGQ==",
      "dev": true
    },
    "string.prototype.trimend": {
      "version": "1.0.1",
      "resolved": "https://registry.npmjs.org/string.prototype.trimend/-/string.prototype.trimend-1.0.1.tgz",
      "integrity": "sha512-LRPxFUaTtpqYsTeNKaFOw3R4bxIzWOnbQ837QfBylo8jIxtcbK/A/sMV7Q+OAV/vWo+7s25pOE10KYSjaSO06g==",
      "dev": true,
      "requires": {
        "define-properties": "^1.1.3",
        "es-abstract": "^1.17.5"
      }
    },
    "string.prototype.trimstart": {
      "version": "1.0.1",
      "resolved": "https://registry.npmjs.org/string.prototype.trimstart/-/string.prototype.trimstart-1.0.1.tgz",
      "integrity": "sha512-XxZn+QpvrBI1FOcg6dIpxUPgWCPuNXvMD72aaRaUQv1eD4e/Qy8i/hFTe0BUmD60p/QA6bh1avmuPTfNjqVWRw==",
      "dev": true,
      "requires": {
        "define-properties": "^1.1.3",
        "es-abstract": "^1.17.5"
      }
    },
    "supports-color": {
      "version": "7.2.0",
      "resolved": "https://registry.npmjs.org/supports-color/-/supports-color-7.2.0.tgz",
      "integrity": "sha512-qpCAvRl9stuOHveKsn7HncJRvv501qIacKzQlO/+Lwxc9+0q2wLyv4Dfvt80/DPn2pqOBsJdDiogXGR9+OvwRw==",
      "dev": true,
      "requires": {
        "has-flag": "^4.0.0"
      }
    },
    "utility-types": {
      "version": "3.10.0",
      "resolved": "https://registry.npmjs.org/utility-types/-/utility-types-3.10.0.tgz",
      "integrity": "sha512-O11mqxmi7wMKCo6HKFt5AhO4BwY3VV68YU07tgxfz8zJTIxr4BpsezN49Ffwy9j3ZpwwJp4fkRwjRzq3uWE6Rg==",
      "dev": true
    },
    "weak-lru-cache": {
      "version": "1.2.2",
      "resolved": "https://registry.npmjs.org/weak-lru-cache/-/weak-lru-cache-1.2.2.tgz",
      "integrity": "sha512-DEAoo25RfSYMuTGc9vPJzZcZullwIqRDSI9LOy+fkCJPi6hykCnfKaXTuPBDuXAUcqHXyOgFtHNp/kB2FjYHbw==",
      "dev": true
    },
    "xxhash-wasm": {
      "version": "0.4.2",
      "resolved": "https://registry.npmjs.org/xxhash-wasm/-/xxhash-wasm-0.4.2.tgz",
      "integrity": "sha512-/eyHVRJQCirEkSZ1agRSCwriMhwlyUcFkXD5TPVSLP+IPzjsqMVzZwdoczLp1SoQU0R3dxz1RpIK+4YNQbCVOA==",
      "dev": true
    }
  }
}
